
Microsoft Visual Studio Solution File, Format Version 12.00
# Visual Studio Version 16
VisualStudioVersion = 16.0.31019.35
MinimumVisualStudioVersion = 10.0.40219.1
Project("{FAE04EC0-301F-11D3-BF4B-00C04F79EFBC}") = "LocalBreweries", "LocalBreweries\LocalBreweries.csproj", "{1DCC9E2D-148C-4CF4-97AA-0D283DAE9C4C}"
EndProject
Global
	GlobalSection(SolutionConfigurationPlatforms) = preSolution
		Debug|Any CPU = Debug|Any CPU
		Release|Any CPU = Release|Any CPU
	EndGlobalSection
	GlobalSection(ProjectConfigurationPlatforms) = postSolution
		{1DCC9E2D-148C-4CF4-97AA-0D283DAE9C4C}.Debug|Any CPU.ActiveCfg = Debug|Any CPU
		{1DCC9E2D-148C-4CF4-97AA-0D283DAE9C4C}.Debug|Any CPU.Build.0 = Debug|Any CPU
		{1DCC9E2D-148C-4CF4-97AA-0D283DAE9C4C}.Release|Any CPU.ActiveCfg = Release|Any CPU
		{1DCC9E2D-148C-4CF4-97AA-0D283DAE9C4C}.Release|Any CPU.Build.0 = Release|Any CPU
	EndGlobalSection
	GlobalSection(SolutionProperties) = preSolution
		HideSolutionNode = FALSE
	EndGlobalSection
	GlobalSection(ExtensibilityGlobals) = postSolution
		SolutionGuid = {6396A5FA-8897-47DE-A3B4-8266657C5329}
	EndGlobalSection
EndGlobal
